<?xml version="1.0" encoding="utf-8"?>
<Project ToolsVersion="4.0" xmlns="http://schemas.microsoft.com/developer/msbuild/2003">
  <ItemGroup>
    <Filter Include="99. Defines">
      <UniqueIdentifier>{d522eb74-4172-4493-8ac6-05ee4c2d184a}</UniqueIdentifier>
    </Filter>
    <Filter Include="00. System">
      <UniqueIdentifier>{a602af0f-5875-4151-a494-39d26ae2ead7}</UniqueIdentifier>
    </Filter>
    <Filter Include="00. System\Object">
      <UniqueIdentifier>{55f59658-7ae7-475a-928e-6d799c8e5aa6}</UniqueIdentifier>
    </Filter>
    <Filter Include="00. System\Component">
      <UniqueIdentifier>{208d0136-a296-4d85-b782-aa1f25a81a45}</UniqueIdentifier>
    </Filter>
    <Filter Include="00. System\GameObject">
      <UniqueIdentifier>{4e1e4876-c6ee-4179-98d8-c57d02d6df3e}</UniqueIdentifier>
    </Filter>
    <Filter Include="00. System\Behaviour">
      <UniqueIdentifier>{2daa7158-c989-419d-ad98-a753cb497e19}</UniqueIdentifier>
    </Filter>
    <Filter Include="00. System\Transform">
      <UniqueIdentifier>{9ca9bba8-c91f-40d8-997f-5bd916c68546}</UniqueIdentifier>
    </Filter>
    <Filter Include="00. System\Scene">
      <UniqueIdentifier>{30565907-2d0e-4e62-95f2-c4729964c25b}</UniqueIdentifier>
    </Filter>
    <Filter Include="00. System\ScriptBehaviour">
      <UniqueIdentifier>{404a4f85-c92f-49e1-8aa6-21b01abcee5e}</UniqueIdentifier>
    </Filter>
    <Filter Include="00. System\Graphic">
      <UniqueIdentifier>{06c7d8f3-3188-430f-be73-c778309d77e6}</UniqueIdentifier>
    </Filter>
    <Filter Include="00. System\Core">
      <UniqueIdentifier>{94e1adf7-9672-4ab5-a1d5-da4cd6b1a3bb}</UniqueIdentifier>
    </Filter>
    <Filter Include="00. System\ScriptBehaviour\Manager">
      <UniqueIdentifier>{8e1f4fec-5af5-4db1-8892-6e7471a7c9eb}</UniqueIdentifier>
    </Filter>
    <Filter Include="00. System\Time">
      <UniqueIdentifier>{d3e1eb60-60fb-4b4b-9bd1-dba2690e08d1}</UniqueIdentifier>
    </Filter>
    <Filter Include="00. System\Physics">
      <UniqueIdentifier>{7756fcbd-656d-46de-bf4f-71ee019e10e7}</UniqueIdentifier>
    </Filter>
    <Filter Include="00. System\Physics\Rigidbody">
      <UniqueIdentifier>{14dd718d-89bd-40c7-80d9-397b5c7a9d26}</UniqueIdentifier>
    </Filter>
    <Filter Include="00. System\Physics\Manager">
      <UniqueIdentifier>{f1d9fe2e-8338-4d68-89e4-1487229cf421}</UniqueIdentifier>
    </Filter>
    <Filter Include="00. System\Input">
      <UniqueIdentifier>{6ae0a518-ceb9-44ea-b5fd-6527907f4d16}</UniqueIdentifier>
    </Filter>
    <Filter Include="00. System\SaveLoad">
      <UniqueIdentifier>{44e0cac0-21d8-4722-9148-8cc63d92ed65}</UniqueIdentifier>
    </Filter>
    <Filter Include="00. System\Camera">
      <UniqueIdentifier>{127f4e67-3cf9-4652-86e2-d23a83bdbfa1}</UniqueIdentifier>
    </Filter>
    <Filter Include="00. System\Graphic\Renderer">
      <UniqueIdentifier>{23888c06-ac79-4f36-b2b1-27016403d515}</UniqueIdentifier>
    </Filter>
    <Filter Include="00. System\Graphic\Material">
      <UniqueIdentifier>{90573b0a-1ee2-400b-aa9f-984253c34e63}</UniqueIdentifier>
    </Filter>
    <Filter Include="00. System\UI">
      <UniqueIdentifier>{4a68e35e-148a-4538-85db-d0fffd30ed86}</UniqueIdentifier>
    </Filter>
    <Filter Include="00. System\UI\Manager">
      <UniqueIdentifier>{6f560ea2-977a-457c-a583-12d8eb919d3b}</UniqueIdentifier>
    </Filter>
    <Filter Include="00. System\UI\Texture">
      <UniqueIdentifier>{032f77a1-3ce4-4207-bc1e-715a24532f03}</UniqueIdentifier>
    </Filter>
    <Filter Include="01. Editor">
      <UniqueIdentifier>{f5c3b9d0-3569-4993-8e21-0ad21afdec4c}</UniqueIdentifier>
    </Filter>
    <Filter Include="01. Editor\Hierarchy">
      <UniqueIdentifier>{58832291-90d4-4d3c-ac76-bcf75c8bceb3}</UniqueIdentifier>
    </Filter>
    <Filter Include="01. Editor\Manager">
      <UniqueIdentifier>{10c32623-aa7b-4262-8cb1-01d18aae3b14}</UniqueIdentifier>
    </Filter>
    <Filter Include="01. Editor\Core">
      <UniqueIdentifier>{b546b552-014b-499b-9b3d-d19faa130f89}</UniqueIdentifier>
    </Filter>
    <Filter Include="01. Editor\Camera">
      <UniqueIdentifier>{f088afbf-2555-4a27-b670-2dbe00653487}</UniqueIdentifier>
    </Filter>
    <Filter Include="01. Editor\Grid">
      <UniqueIdentifier>{4fc82722-47d4-4829-a649-e80b9eeba742}</UniqueIdentifier>
    </Filter>
    <Filter Include="00. System\Graphic\Mesh">
      <UniqueIdentifier>{9769851d-e8e4-4610-87f0-061f2db8f7c2}</UniqueIdentifier>
    </Filter>
    <Filter Include="00. System\Prefab">
      <UniqueIdentifier>{d784d5bb-b42c-4953-beb0-892875a4cc6b}</UniqueIdentifier>
    </Filter>
    <Filter Include="00. System\Prefab\Manager">
      <UniqueIdentifier>{16f16a6e-c5e1-44d8-a506-dc40acd1d147}</UniqueIdentifier>
    </Filter>
    <Filter Include="00. System\Collision">
      <UniqueIdentifier>{ce481c58-dd89-4eae-94bc-067287315f4e}</UniqueIdentifier>
    </Filter>
    <Filter Include="00. System\Collision\BoxCollider">
      <UniqueIdentifier>{0ba4fb3a-a144-472c-a850-32d2206ed0ff}</UniqueIdentifier>
    </Filter>
    <Filter Include="00. System\Collision\SphereCollider">
      <UniqueIdentifier>{a3cf7c28-7e43-4b94-b91e-bb14b83ffeb7}</UniqueIdentifier>
    </Filter>
    <Filter Include="00. System\Collision\CapsuleCollider">
      <UniqueIdentifier>{3e8f68d1-3042-412b-b56c-9417af201c61}</UniqueIdentifier>
    </Filter>
    <Filter Include="00. System\Collision\MeshCollider">
      <UniqueIdentifier>{a0ad9a29-6cf8-496a-95be-9fed111addce}</UniqueIdentifier>
    </Filter>
    <Filter Include="00. System\Graphic\Debug">
      <UniqueIdentifier>{22002d12-2e78-44d7-870e-3da0a211dedc}</UniqueIdentifier>
    </Filter>
    <Filter Include="00. System\UI\Text">
      <UniqueIdentifier>{39c16965-6ca9-4eea-8a41-88eaadd51b79}</UniqueIdentifier>
    </Filter>
    <Filter Include="00. System\Graphic\SkySphere">
      <UniqueIdentifier>{c8d25b39-87e2-4ad1-82a8-c3a776913ec1}</UniqueIdentifier>
    </Filter>
    <Filter Include="00. System\Graphic\Light">
      <UniqueIdentifier>{cfe868b1-c683-473d-a869-41a311d4d870}</UniqueIdentifier>
    </Filter>
    <Filter Include="00. System\UI\Effect">
      <UniqueIdentifier>{53400629-9e06-4744-8b7b-879e256fd92b}</UniqueIdentifier>
    </Filter>
  </ItemGroup>
  <ItemGroup>
    <ClInclude Include="include\core_defines.h">
      <Filter>99. Defines</Filter>
    </ClInclude>
    <ClInclude Include="include\core_typedef.h">
      <Filter>99. Defines</Filter>
    </ClInclude>
    <ClInclude Include="include\core_macro.h">
      <Filter>99. Defines</Filter>
    </ClInclude>
    <ClInclude Include="include\GameObject.h">
      <Filter>00. System\GameObject</Filter>
    </ClInclude>
    <ClInclude Include="include\Object.h">
      <Filter>00. System\Object</Filter>
    </ClInclude>
    <ClInclude Include="include\Component.h">
      <Filter>00. System\Component</Filter>
    </ClInclude>
    <ClInclude Include="include\ComponentFactory.h">
      <Filter>00. System\Component</Filter>
    </ClInclude>
    <ClInclude Include="include\ComponentRegistrar.h">
      <Filter>00. System\Component</Filter>
    </ClInclude>
    <ClInclude Include="include\core_function.h">
      <Filter>99. Defines</Filter>
    </ClInclude>
    <ClInclude Include="include\Behaviour.h">
      <Filter>00. System\Behaviour</Filter>
    </ClInclude>
    <ClInclude Include="include\Transform.h">
      <Filter>00. System\Transform</Filter>
    </ClInclude>
    <ClInclude Include="include\Scene.h">
      <Filter>00. System\Scene</Filter>
    </ClInclude>
    <ClInclude Include="include\ScriptBehaviour.h">
      <Filter>00. System\ScriptBehaviour</Filter>
    </ClInclude>
    <ClInclude Include="include\D3D11Manager.h">
      <Filter>00. System\Graphic</Filter>
    </ClInclude>
    <ClInclude Include="include\core_math.h">
      <Filter>99. Defines</Filter>
    </ClInclude>
    <ClInclude Include="include\Core.h">
      <Filter>00. System\Core</Filter>
    </ClInclude>
    <ClInclude Include="include\ScriptBehaviourManager.h">
      <Filter>00. System\ScriptBehaviour\Manager</Filter>
    </ClInclude>
    <ClInclude Include="include\Engine.h" />
    <ClInclude Include="include\Rigidbody.h">
      <Filter>00. System\Physics\Rigidbody</Filter>
    </ClInclude>
    <ClInclude Include="include\PhysicsManager.h">
      <Filter>00. System\Physics\Manager</Filter>
    </ClInclude>
    <ClInclude Include="include\TimeManager.h">
      <Filter>00. System\Time</Filter>
    </ClInclude>
    <ClInclude Include="include\InputManager.h">
      <Filter>00. System\Input</Filter>
    </ClInclude>
    <ClInclude Include="include\json.hpp" />
    <ClInclude Include="include\Camera.h">
      <Filter>00. System\Camera</Filter>
    </ClInclude>
    <ClInclude Include="include\core_struct.h">
      <Filter>99. Defines</Filter>
    </ClInclude>
    <ClInclude Include="include\RenderManager.h">
      <Filter>00. System\Graphic</Filter>
    </ClInclude>
    <ClInclude Include="include\Renderer.h">
      <Filter>00. System\Graphic\Renderer</Filter>
    </ClInclude>
    <ClInclude Include="include\Material.h">
      <Filter>00. System\Graphic\Material</Filter>
    </ClInclude>
    <ClInclude Include="include\UI.h">
      <Filter>00. System\UI</Filter>
    </ClInclude>
    <ClInclude Include="include\UIManager.h">
      <Filter>00. System\UI\Manager</Filter>
    </ClInclude>
    <ClInclude Include="include\TextureUI.h">
      <Filter>00. System\UI\Texture</Filter>
    </ClInclude>
    <ClInclude Include="include\Hierarchy.h">
      <Filter>01. Editor\Hierarchy</Filter>
    </ClInclude>
    <ClInclude Include="include\EditorComponentManager.h">
      <Filter>01. Editor\Manager</Filter>
    </ClInclude>
    <ClInclude Include="include\EditorCamera.h">
      <Filter>01. Editor\Camera</Filter>
    </ClInclude>
    <ClInclude Include="include\core_enum.h">
      <Filter>99. Defines</Filter>
    </ClInclude>
    <ClInclude Include="include\Editor.h" />
    <ClInclude Include="include\EditorCore.h">
      <Filter>01. Editor\Core</Filter>
    </ClInclude>
    <ClInclude Include="include\LoadManager.h">
      <Filter>00. System\SaveLoad</Filter>
    </ClInclude>
    <ClInclude Include="include\Grid.h">
      <Filter>01. Editor\Grid</Filter>
    </ClInclude>
    <ClInclude Include="include\Mesh.h">
      <Filter>00. System\Graphic\Mesh</Filter>
    </ClInclude>
    <ClInclude Include="include\MeshRenderer.h">
      <Filter>00. System\Graphic\Renderer</Filter>
    </ClInclude>
    <ClInclude Include="include\SkinnedMeshRenderer.h">
      <Filter>00. System\Graphic\Renderer</Filter>
    </ClInclude>
    <ClInclude Include="include\Prefab.h">
      <Filter>00. System\Prefab</Filter>
    </ClInclude>
    <ClInclude Include="include\PrefabManager.h">
      <Filter>00. System\Prefab\Manager</Filter>
    </ClInclude>
    <ClInclude Include="include\AssetManager.h" />
    <ClInclude Include="include\Collider.h">
      <Filter>00. System\Collision</Filter>
    </ClInclude>
    <ClInclude Include="include\Collision.h">
      <Filter>00. System\Collision</Filter>
    </ClInclude>
    <ClInclude Include="include\BoxCollider.h">
      <Filter>00. System\Collision\BoxCollider</Filter>
    </ClInclude>
    <ClInclude Include="include\CollisionManager.h">
      <Filter>00. System\Collision</Filter>
    </ClInclude>
    <ClInclude Include="include\SphereCollider.h">
      <Filter>00. System\Collision\SphereCollider</Filter>
    </ClInclude>
    <ClInclude Include="include\CapsuleCollider.h">
      <Filter>00. System\Collision\CapsuleCollider</Filter>
    </ClInclude>
    <ClInclude Include="include\MeshCollider.h">
      <Filter>00. System\Collision\MeshCollider</Filter>
    </ClInclude>
    <ClInclude Include="include\core_utility.h">
      <Filter>99. Defines</Filter>
    </ClInclude>
    <ClInclude Include="include\CapsuleRenderer.h" />
    <ClInclude Include="include\DebugRenderManager.h">
      <Filter>00. System\Graphic</Filter>
    </ClInclude>
    <ClInclude Include="include\TextUI.h">
      <Filter>00. System\UI\Text</Filter>
    </ClInclude>
    <ClInclude Include="include\SkySphere.h">
      <Filter>00. System\Graphic\SkySphere</Filter>
    </ClInclude>
    <ClInclude Include="include\Light.h">
      <Filter>00. System\Graphic\Light</Filter>
    </ClInclude>
    <ClInclude Include="include\EffectUI.h">
      <Filter>00. System\UI\Effect</Filter>
    </ClInclude>
  </ItemGroup>
  <ItemGroup>
    <ClCompile Include="src\GameObject.cpp">
      <Filter>00. System\GameObject</Filter>
    </ClCompile>
    <ClCompile Include="src\Object.cpp">
      <Filter>00. System\Object</Filter>
    </ClCompile>
    <ClCompile Include="src\Component.cpp">
      <Filter>00. System\Component</Filter>
    </ClCompile>
    <ClCompile Include="src\ComponentFactory.cpp">
      <Filter>00. System\Component</Filter>
    </ClCompile>
    <ClCompile Include="src\Behaviour.cpp">
      <Filter>00. System\Behaviour</Filter>
    </ClCompile>
    <ClCompile Include="src\Transform.cpp">
      <Filter>00. System\Transform</Filter>
    </ClCompile>
    <ClCompile Include="src\Scene.cpp">
      <Filter>00. System\Scene</Filter>
    </ClCompile>
    <ClCompile Include="src\ScriptBehaviour.cpp">
      <Filter>00. System\ScriptBehaviour</Filter>
    </ClCompile>
    <ClCompile Include="src\D3D11Manager.cpp">
      <Filter>00. System\Graphic</Filter>
    </ClCompile>
    <ClCompile Include="src\Core.cpp">
      <Filter>00. System\Core</Filter>
    </ClCompile>
    <ClCompile Include="src\ScriptBehaviourManager.cpp">
      <Filter>00. System\ScriptBehaviour\Manager</Filter>
    </ClCompile>
    <ClCompile Include="src\Rigidbody.cpp">
      <Filter>00. System\Physics\Rigidbody</Filter>
    </ClCompile>
    <ClCompile Include="src\PhysicsManager.cpp">
      <Filter>00. System\Physics\Manager</Filter>
    </ClCompile>
    <ClCompile Include="src\TimeManager.cpp">
      <Filter>00. System\Time</Filter>
    </ClCompile>
    <ClCompile Include="src\InputManager.cpp">
      <Filter>00. System\Input</Filter>
    </ClCompile>
    <ClCompile Include="src\Camera.cpp">
      <Filter>00. System\Camera</Filter>
    </ClCompile>
    <ClCompile Include="src\RenderManager.cpp">
      <Filter>00. System\Graphic</Filter>
    </ClCompile>
    <ClCompile Include="src\Renderer.cpp">
      <Filter>00. System\Graphic\Renderer</Filter>
    </ClCompile>
    <ClCompile Include="src\Material.cpp">
      <Filter>00. System\Graphic\Material</Filter>
    </ClCompile>
    <ClCompile Include="src\UI.cpp">
      <Filter>00. System\UI</Filter>
    </ClCompile>
    <ClCompile Include="src\UIManager.cpp">
      <Filter>00. System\UI\Manager</Filter>
    </ClCompile>
    <ClCompile Include="src\TextureUI.cpp">
      <Filter>00. System\UI\Texture</Filter>
    </ClCompile>
    <ClCompile Include="src\Hierarchy.cpp">
      <Filter>01. Editor\Hierarchy</Filter>
    </ClCompile>
    <ClCompile Include="src\EditorComponentManager.cpp">
      <Filter>01. Editor\Manager</Filter>
    </ClCompile>
    <ClCompile Include="src\EditorCamera.cpp">
      <Filter>01. Editor\Camera</Filter>
    </ClCompile>
    <ClCompile Include="src\EditorCore.cpp">
      <Filter>01. Editor\Core</Filter>
    </ClCompile>
    <ClCompile Include="src\LoadManager.cpp">
      <Filter>00. System\SaveLoad</Filter>
    </ClCompile>
    <ClCompile Include="src\Grid.cpp">
      <Filter>01. Editor\Grid</Filter>
    </ClCompile>
    <ClCompile Include="src\Mesh.cpp">
      <Filter>00. System\Graphic\Mesh</Filter>
    </ClCompile>
    <ClCompile Include="src\MeshRenderer.cpp">
      <Filter>00. System\Graphic\Renderer</Filter>
    </ClCompile>
    <ClCompile Include="src\SkinnedMeshRenderer.cpp">
      <Filter>00. System\Graphic\Renderer</Filter>
    </ClCompile>
    <ClCompile Include="src\Prefab.cpp">
      <Filter>00. System\Prefab</Filter>
    </ClCompile>
    <ClCompile Include="src\PrefabManager.cpp">
      <Filter>00. System\Prefab\Manager</Filter>
    </ClCompile>
    <ClCompile Include="src\AssetManager.cpp" />
    <ClCompile Include="src\Collider.cpp">
      <Filter>00. System\Collision</Filter>
    </ClCompile>
    <ClCompile Include="src\Collision.cpp">
      <Filter>00. System\Collision</Filter>
    </ClCompile>
    <ClCompile Include="src\BoxCollider.cpp">
      <Filter>00. System\Collision\BoxCollider</Filter>
    </ClCompile>
    <ClCompile Include="src\CollisionManager.cpp">
      <Filter>00. System\Collision</Filter>
    </ClCompile>
    <ClCompile Include="src\SphereCollider.cpp">
      <Filter>00. System\Collision\SphereCollider</Filter>
    </ClCompile>
    <ClCompile Include="src\CapsuleCollider.cpp">
      <Filter>00. System\Collision\CapsuleCollider</Filter>
    </ClCompile>
    <ClCompile Include="src\MeshCollider.cpp">
      <Filter>00. System\Collision\MeshCollider</Filter>
    </ClCompile>
    <ClCompile Include="src\core_utility.cpp">
      <Filter>99. Defines</Filter>
    </ClCompile>
    <ClCompile Include="src\CapsuleRenderer.cpp" />
    <ClCompile Include="src\DebugRenderManager.cpp">
      <Filter>00. System\Graphic</Filter>
    </ClCompile>
    <ClCompile Include="src\TextUI.cpp">
      <Filter>00. System\UI\Text</Filter>
    </ClCompile>
    <ClCompile Include="src\SkySphere.cpp">
      <Filter>00. System\Graphic\SkySphere</Filter>
    </ClCompile>
    <ClCompile Include="src\Light.cpp">
      <Filter>00. System\Graphic\Light</Filter>
    </ClCompile>
    <ClCompile Include="src\EffectUI.cpp">
      <Filter>00. System\UI\Effect</Filter>
    </ClCompile>
  </ItemGroup>
  <ItemGroup>
    <None Include="cpp.hint" />
  </ItemGroup>
</Project>